
Microsoft Visual Studio Solution File, Format Version 12.00
# Visual Studio 15
VisualStudioVersion = 15.0.28307.1000
MinimumVisualStudioVersion = 10.0.40219.1
Project("{FAE04EC0-301F-11D3-BF4B-00C04F79EFBC}") = "ClaseProg101", "ClaseProg101\ClaseProg101.csproj", "{3DA3AE13-146E-4F4A-BEFE-52117089384E}"
EndProject
Project("{FAE04EC0-301F-11D3-BF4B-00C04F79EFBC}") = "ClaseProg101Escritura", "ClaseProg101Escritura\ClaseProg101Escritura.csproj", "{E0E26A4B-2EE7-48AE-8B59-6436D3A3AE13}"
EndProject
Project("{FAE04EC0-301F-11D3-BF4B-00C04F79EFBC}") = "ClaseProg101Mia", "ClaseProg101Mia\ClaseProg101Mia.csproj", "{1D7AECA8-6A56-4653-873A-1518B1DE640A}"
EndProject
Global
	GlobalSection(SolutionConfigurationPlatforms) = preSolution
		Debug|Any CPU = Debug|Any CPU
		Release|Any CPU = Release|Any CPU
	EndGlobalSection
	GlobalSection(ProjectConfigurationPlatforms) = postSolution
		{3DA3AE13-146E-4F4A-BEFE-52117089384E}.Debug|Any CPU.ActiveCfg = Debug|Any CPU
		{3DA3AE13-146E-4F4A-BEFE-52117089384E}.Debug|Any CPU.Build.0 = Debug|Any CPU
		{3DA3AE13-146E-4F4A-BEFE-52117089384E}.Release|Any CPU.ActiveCfg = Release|Any CPU
		{3DA3AE13-146E-4F4A-BEFE-52117089384E}.Release|Any CPU.Build.0 = Release|Any CPU
		{E0E26A4B-2EE7-48AE-8B59-6436D3A3AE13}.Debug|Any CPU.ActiveCfg = Debug|Any CPU
		{E0E26A4B-2EE7-48AE-8B59-6436D3A3AE13}.Debug|Any CPU.Build.0 = Debug|Any CPU
		{E0E26A4B-2EE7-48AE-8B59-6436D3A3AE13}.Release|Any CPU.ActiveCfg = Release|Any CPU
		{E0E26A4B-2EE7-48AE-8B59-6436D3A3AE13}.Release|Any CPU.Build.0 = Release|Any CPU
		{1D7AECA8-6A56-4653-873A-1518B1DE640A}.Debug|Any CPU.ActiveCfg = Debug|Any CPU
		{1D7AECA8-6A56-4653-873A-1518B1DE640A}.Debug|Any CPU.Build.0 = Debug|Any CPU
		{1D7AECA8-6A56-4653-873A-1518B1DE640A}.Release|Any CPU.ActiveCfg = Release|Any CPU
		{1D7AECA8-6A56-4653-873A-1518B1DE640A}.Release|Any CPU.Build.0 = Release|Any CPU
	EndGlobalSection
	GlobalSection(SolutionProperties) = preSolution
		HideSolutionNode = FALSE
	EndGlobalSection
	GlobalSection(ExtensibilityGlobals) = postSolution
		SolutionGuid = {A94D3CA9-D0D1-49D2-91E6-BA503CF8CD0B}
	EndGlobalSection
EndGlobal
