
Microsoft Visual Studio Solution File, Format Version 12.00
# Visual Studio 15
VisualStudioVersion = 15.0.28307.1000
MinimumVisualStudioVersion = 10.0.40219.1
Project("{FAE04EC0-301F-11D3-BF4B-00C04F79EFBC}") = "Ejemplo1Propuesto", "Ejemplo1Propuesto\Ejemplo1Propuesto.csproj", "{C484DEA5-7992-4177-96A9-5F620E5B4A42}"
EndProject
Global
	GlobalSection(SolutionConfigurationPlatforms) = preSolution
		Debug|Any CPU = Debug|Any CPU
		Release|Any CPU = Release|Any CPU
	EndGlobalSection
	GlobalSection(ProjectConfigurationPlatforms) = postSolution
		{C484DEA5-7992-4177-96A9-5F620E5B4A42}.Debug|Any CPU.ActiveCfg = Debug|Any CPU
		{C484DEA5-7992-4177-96A9-5F620E5B4A42}.Debug|Any CPU.Build.0 = Debug|Any CPU
		{C484DEA5-7992-4177-96A9-5F620E5B4A42}.Release|Any CPU.ActiveCfg = Release|Any CPU
		{C484DEA5-7992-4177-96A9-5F620E5B4A42}.Release|Any CPU.Build.0 = Release|Any CPU
	EndGlobalSection
	GlobalSection(SolutionProperties) = preSolution
		HideSolutionNode = FALSE
	EndGlobalSection
	GlobalSection(ExtensibilityGlobals) = postSolution
		SolutionGuid = {D54188EA-4E6E-4BA8-8A65-EACC75DF7E4C}
	EndGlobalSection
EndGlobal
