
Microsoft Visual Studio Solution File, Format Version 12.00
# Visual Studio 15
VisualStudioVersion = 15.0.28307.1000
MinimumVisualStudioVersion = 10.0.40219.1
Project("{FAE04EC0-301F-11D3-BF4B-00C04F79EFBC}") = "Asistente", "..\..\PorgramaciónOO\Proyectos POO\Asistente\Asistente\Asistente.csproj", "{1E6DCDCC-C318-4AC7-BE61-F9EA0D6636BA}"
EndProject
Project("{FAE04EC0-301F-11D3-BF4B-00C04F79EFBC}") = "Calificaciones", "..\..\PorgramaciónOO\Proyectos POO\Calificaciones\Calificaciones2intento\Calificaciones.csproj", "{CFE628B6-525F-4B1C-B0B0-4F3051723BF5}"
EndProject
Project("{FAE04EC0-301F-11D3-BF4B-00C04F79EFBC}") = "Embotelladora", "..\..\PorgramaciónOO\Proyectos POO\Unidad1POO\Embotelladora\Embotelladora.csproj", "{47397625-4364-4C6C-8EC5-7EB15BD6B75F}"
EndProject
Project("{FAE04EC0-301F-11D3-BF4B-00C04F79EFBC}") = "DiasDeVacaciones", "DiasDeVacaciones\DiasDeVacaciones.csproj", "{CEDE8471-C899-465F-8B69-B806CCA6337E}"
EndProject
Project("{FAE04EC0-301F-11D3-BF4B-00C04F79EFBC}") = "ConsumoElectricidad", "ConsumoElectricidad\ConsumoElectricidad.csproj", "{88EC06EB-E613-4723-923C-447F7B0CD83E}"
EndProject
Project("{FAE04EC0-301F-11D3-BF4B-00C04F79EFBC}") = "UnidadGradosCF", "UnidadGradosCF\UnidadGradosCF.csproj", "{B0FA5091-7062-4C4D-B650-EA8A72AB9171}"
EndProject
Project("{FAE04EC0-301F-11D3-BF4B-00C04F79EFBC}") = "AreaPerimetroCuadrado", "AreaPerimetroCuadrado\AreaPerimetroCuadrado.csproj", "{7112C340-4673-410B-9032-D33B026E4856}"
EndProject
Project("{FAE04EC0-301F-11D3-BF4B-00C04F79EFBC}") = "DatosPersonas", "DatosPersonas\DatosPersonas.csproj", "{D421D685-59EB-4990-8147-5A760D57460E}"
EndProject
Project("{FAE04EC0-301F-11D3-BF4B-00C04F79EFBC}") = "CasetaAutopista", "CasetaAutopista\CasetaAutopista.csproj", "{E9CB0322-7B67-4393-B02D-74ED78C4D5F6}"
EndProject
Project("{FAE04EC0-301F-11D3-BF4B-00C04F79EFBC}") = "MayoresEdad", "MayoresEdad\MayoresEdad.csproj", "{1D1F029B-0AF8-4B54-947E-3F23A428152C}"
EndProject
Global
	GlobalSection(SolutionConfigurationPlatforms) = preSolution
		Debug|Any CPU = Debug|Any CPU
		Release|Any CPU = Release|Any CPU
	EndGlobalSection
	GlobalSection(ProjectConfigurationPlatforms) = postSolution
		{1E6DCDCC-C318-4AC7-BE61-F9EA0D6636BA}.Debug|Any CPU.ActiveCfg = Debug|Any CPU
		{1E6DCDCC-C318-4AC7-BE61-F9EA0D6636BA}.Debug|Any CPU.Build.0 = Debug|Any CPU
		{1E6DCDCC-C318-4AC7-BE61-F9EA0D6636BA}.Release|Any CPU.ActiveCfg = Release|Any CPU
		{1E6DCDCC-C318-4AC7-BE61-F9EA0D6636BA}.Release|Any CPU.Build.0 = Release|Any CPU
		{CFE628B6-525F-4B1C-B0B0-4F3051723BF5}.Debug|Any CPU.ActiveCfg = Debug|Any CPU
		{CFE628B6-525F-4B1C-B0B0-4F3051723BF5}.Debug|Any CPU.Build.0 = Debug|Any CPU
		{CFE628B6-525F-4B1C-B0B0-4F3051723BF5}.Release|Any CPU.ActiveCfg = Release|Any CPU
		{CFE628B6-525F-4B1C-B0B0-4F3051723BF5}.Release|Any CPU.Build.0 = Release|Any CPU
		{47397625-4364-4C6C-8EC5-7EB15BD6B75F}.Debug|Any CPU.ActiveCfg = Debug|Any CPU
		{47397625-4364-4C6C-8EC5-7EB15BD6B75F}.Debug|Any CPU.Build.0 = Debug|Any CPU
		{47397625-4364-4C6C-8EC5-7EB15BD6B75F}.Release|Any CPU.ActiveCfg = Release|Any CPU
		{47397625-4364-4C6C-8EC5-7EB15BD6B75F}.Release|Any CPU.Build.0 = Release|Any CPU
		{CEDE8471-C899-465F-8B69-B806CCA6337E}.Debug|Any CPU.ActiveCfg = Debug|Any CPU
		{CEDE8471-C899-465F-8B69-B806CCA6337E}.Debug|Any CPU.Build.0 = Debug|Any CPU
		{CEDE8471-C899-465F-8B69-B806CCA6337E}.Release|Any CPU.ActiveCfg = Release|Any CPU
		{CEDE8471-C899-465F-8B69-B806CCA6337E}.Release|Any CPU.Build.0 = Release|Any CPU
		{88EC06EB-E613-4723-923C-447F7B0CD83E}.Debug|Any CPU.ActiveCfg = Debug|Any CPU
		{88EC06EB-E613-4723-923C-447F7B0CD83E}.Debug|Any CPU.Build.0 = Debug|Any CPU
		{88EC06EB-E613-4723-923C-447F7B0CD83E}.Release|Any CPU.ActiveCfg = Release|Any CPU
		{88EC06EB-E613-4723-923C-447F7B0CD83E}.Release|Any CPU.Build.0 = Release|Any CPU
		{B0FA5091-7062-4C4D-B650-EA8A72AB9171}.Debug|Any CPU.ActiveCfg = Debug|Any CPU
		{B0FA5091-7062-4C4D-B650-EA8A72AB9171}.Debug|Any CPU.Build.0 = Debug|Any CPU
		{B0FA5091-7062-4C4D-B650-EA8A72AB9171}.Release|Any CPU.ActiveCfg = Release|Any CPU
		{B0FA5091-7062-4C4D-B650-EA8A72AB9171}.Release|Any CPU.Build.0 = Release|Any CPU
		{7112C340-4673-410B-9032-D33B026E4856}.Debug|Any CPU.ActiveCfg = Debug|Any CPU
		{7112C340-4673-410B-9032-D33B026E4856}.Debug|Any CPU.Build.0 = Debug|Any CPU
		{7112C340-4673-410B-9032-D33B026E4856}.Release|Any CPU.ActiveCfg = Release|Any CPU
		{7112C340-4673-410B-9032-D33B026E4856}.Release|Any CPU.Build.0 = Release|Any CPU
		{D421D685-59EB-4990-8147-5A760D57460E}.Debug|Any CPU.ActiveCfg = Debug|Any CPU
		{D421D685-59EB-4990-8147-5A760D57460E}.Debug|Any CPU.Build.0 = Debug|Any CPU
		{D421D685-59EB-4990-8147-5A760D57460E}.Release|Any CPU.ActiveCfg = Release|Any CPU
		{D421D685-59EB-4990-8147-5A760D57460E}.Release|Any CPU.Build.0 = Release|Any CPU
		{E9CB0322-7B67-4393-B02D-74ED78C4D5F6}.Debug|Any CPU.ActiveCfg = Debug|Any CPU
		{E9CB0322-7B67-4393-B02D-74ED78C4D5F6}.Debug|Any CPU.Build.0 = Debug|Any CPU
		{E9CB0322-7B67-4393-B02D-74ED78C4D5F6}.Release|Any CPU.ActiveCfg = Release|Any CPU
		{E9CB0322-7B67-4393-B02D-74ED78C4D5F6}.Release|Any CPU.Build.0 = Release|Any CPU
		{1D1F029B-0AF8-4B54-947E-3F23A428152C}.Debug|Any CPU.ActiveCfg = Debug|Any CPU
		{1D1F029B-0AF8-4B54-947E-3F23A428152C}.Debug|Any CPU.Build.0 = Debug|Any CPU
		{1D1F029B-0AF8-4B54-947E-3F23A428152C}.Release|Any CPU.ActiveCfg = Release|Any CPU
		{1D1F029B-0AF8-4B54-947E-3F23A428152C}.Release|Any CPU.Build.0 = Release|Any CPU
	EndGlobalSection
	GlobalSection(SolutionProperties) = preSolution
		HideSolutionNode = FALSE
	EndGlobalSection
	GlobalSection(ExtensibilityGlobals) = postSolution
		SolutionGuid = {CA186E38-D98C-4FAE-A10E-6A2AF197AA16}
	EndGlobalSection
EndGlobal
